{
  "name": "toolkit-integration",
  "version": "0.0.0",
  "lockfileVersion": 1,
  "requires": true,
  "dependencies": {
    "@amzn/toolkit": {
      "version": "file:../../dist/packages-dist/toolkit",
      "requires": {
        "@aws-cdk/aws-apigateway": "0.31.0",
        "@aws-cdk/aws-cloudformation": "0.31.0",
        "@aws-cdk/aws-cloudfront": "0.31.0",
        "@aws-cdk/aws-cloudtrail": "0.31.0",
        "@aws-cdk/aws-cognito": "0.31.0",
        "@aws-cdk/aws-ec2": "0.31.0",
        "@aws-cdk/aws-iam": "0.31.0",
        "@aws-cdk/aws-lambda": "0.31.0",
        "@aws-cdk/aws-route53": "0.31.0",
        "@aws-cdk/aws-s3": "0.31.0",
        "@aws-cdk/cdk": "0.31.0",
        "tslib": "^1.9.0"
      }
    },
    "@aws-cdk/assert": {
      "version": "file:https:/amazon.goshawk.aws.a2z.com:443/npm/shared/@aws-cdk/assert/-/assert-0.31.0.tgz",
      "integrity": "sha512-yU3T+LqnGDstQlnVx3zgEM3bX5YtkKIJsXw/H0sKzYJiQI5UI64RGFg+ur6EXjD6cwn8FkvEr3FHqkDcFmnpxA==",
      "dev": true,
      "requires": {
        "@aws-cdk/cdk": "^0.31.0",
        "@aws-cdk/cloudformation-diff": "^0.31.0",
        "@aws-cdk/cx-api": "^0.31.0",
        "source-map-support": "^0.5.12"
      }
    },
    "@aws-cdk/assets": {
      "version": "file:https:/amazon.goshawk.aws.a2z.com:443/npm/shared/@aws-cdk/assets/-/assets-0.31.0.tgz",
      "integrity": "sha512-kwZN/pJHTIweD6UPRf1qO+jUnq/qZXioc7v1uqoosDJV3Ewnb/sl+Vld1s44YOgfSJBUf4axUfUXmIbijSeaNw==",
      "dev": true,
      "requires": {
        "@aws-cdk/aws-iam": "^0.31.0",
        "@aws-cdk/aws-s3": "^0.31.0",
        "@aws-cdk/cdk": "^0.31.0",
        "@aws-cdk/cx-api": "^0.31.0",
        "minimatch": "^3.0.4"
      }
    },
    "@aws-cdk/aws-lambda": {
      "version": "file:https:/amazon.goshawk.aws.a2z.com:443/npm/shared/@aws-cdk/aws-lambda/-/aws-lambda-0.31.0.tgz",
      "integrity": "sha512-FUbCjF9z2tyALLGl29LSfOpOZEVPOd2AdehnM0t98WJscsdREzzr1PkcGma0zpZyxIuO1oumF/YBIdcwMTBEYA==",
      "dev": true,
      "requires": {
        "@aws-cdk/assets": "^0.31.0",
        "@aws-cdk/aws-cloudwatch": "^0.31.0",
        "@aws-cdk/aws-ec2": "^0.31.0",
        "@aws-cdk/aws-events": "^0.31.0",
        "@aws-cdk/aws-iam": "^0.31.0",
        "@aws-cdk/aws-logs": "^0.31.0",
        "@aws-cdk/aws-s3": "^0.31.0",
        "@aws-cdk/aws-s3-notifications": "^0.31.0",
        "@aws-cdk/aws-sqs": "^0.31.0",
        "@aws-cdk/aws-stepfunctions": "^0.31.0",
        "@aws-cdk/cdk": "^0.31.0",
        "@aws-cdk/cx-api": "^0.31.0"
      }
    },
    "@aws-cdk/aws-s3": {
      "version": "file:https:/amazon.goshawk.aws.a2z.com:443/npm/shared/@aws-cdk/aws-s3/-/aws-s3-0.31.0.tgz",
      "integrity": "sha512-YcBqDHKQQe9411cYSxGUsCFYANVIWtCUfuAkEmArO0NhoFFIZ76fpBYzyveJAH9ZT6sF2KDMi9V3wX6NNC4eeQ==",
      "dev": true,
      "requires": {
        "@aws-cdk/aws-events": "^0.31.0",
        "@aws-cdk/aws-iam": "^0.31.0",
        "@aws-cdk/aws-kms": "^0.31.0",
        "@aws-cdk/aws-s3-notifications": "^0.31.0",
        "@aws-cdk/cdk": "^0.31.0"
      }
    },
    "@aws-cdk/aws-sam": {
      "version": "file:https:/amazon.goshawk.aws.a2z.com:443/npm/shared/@aws-cdk/aws-sam/-/aws-sam-0.31.0.tgz",
      "integrity": "sha512-lzVJewxKFXMo/iorIC9b/IpHvRAiVsi+jxxCMKIsclO1K7OcJeK74UbR2y8yjx5HcG9vc+04+EZ8mIP3HjSq6A==",
      "dev": true,
      "requires": {
        "@aws-cdk/cdk": "^0.31.0"
      }
    },
    "@aws-cdk/cdk": {
      "version": "file:https:/amazon.goshawk.aws.a2z.com:443/npm/shared/@aws-cdk/cdk/-/cdk-0.31.0.tgz",
      "integrity": "sha512-61JW4pKm9VYomVOq17kR3rz8XF1IhtFEMawCs+kuKAUF8Uwlioitv4J4yo+tgrYDUfskyvG+JG53Umb895DsRQ==",
      "dev": true,
      "requires": {
        "@aws-cdk/cx-api": "^0.31.0"
      }
    },
    "aws-cdk": {
      "version": "file:https:/amazon.goshawk.aws.a2z.com:443/npm/shared/aws-cdk/-/aws-cdk-0.31.0.tgz",
      "integrity": "sha512-ryVCsKFuTkt7epd+iEG0LpP/6VEVznbahfJ6hN50bz3xUOmZ5lSHgdkZsnGaC/KK6Cv/T9QYJ4KaYwi07DifWg==",
      "dev": true,
      "requires": {
        "@aws-cdk/applet-js": "^0.31.0",
        "@aws-cdk/cloudformation-diff": "^0.31.0",
        "@aws-cdk/cx-api": "^0.31.0",
        "@aws-cdk/region-info": "^0.31.0",
        "archiver": "^3.0.0",
        "aws-sdk": "^2.438.0",
        "camelcase": "^5.3.1",
        "colors": "^1.3.3",
        "decamelize": "^3.2.0",
        "fs-extra": "^7.0.1",
        "json-diff": "^0.5.4",
        "minimatch": ">=3.0",
        "promptly": "^3.0.3",
        "proxy-agent": "^3.1.0",
        "request": "^2.88.0",
        "semver": "^6.0.0",
        "source-map-support": "^0.5.12",
        "table": "^5.2.3",
        "yaml": "^1.5.0",
        "yargs": "^13.2.2"
      }
    },
    "typescript": {
      "version": "file:https:/amazon.goshawk.aws.a2z.com:443/npm/shared/typescript/-/typescript-3.4.5.tgz",
      "integrity": "sha512-YycBxUb49UUhdNMU5aJ7z5Ej2XGmaIBL0x34vZ82fn3hGvD+bgrMrVDpatgz2f7YxUMJxMkbWxJZeAvDxVe7Vw=="
    }
  }
}
